// !$*UTF8*$!
{
	archiveVersion = 1;
	classes = {
	};
	objectVersion = 55;
	objects = {

/* Begin PBXBuildFile section */
		A488A2AF2A14F887008E8FAF /* DateManager.swift in Sources */ = {isa = PBXBuildFile; fileRef = A488A2AE2A14F887008E8FAF /* DateManager.swift */; };
		A488A2B12A152538008E8FAF /* Старая ячейка.swift in Sources */ = {isa = PBXBuildFile; fileRef = A488A2B02A152538008E8FAF /* Старая ячейка.swift */; };
		A488A2B52A16334D008E8FAF /* TicketCellViewModel.swift in Sources */ = {isa = PBXBuildFile; fileRef = A488A2B42A16334D008E8FAF /* TicketCellViewModel.swift */; };
		A488A2B72A164636008E8FAF /* TicketDetailsViewModel.swift in Sources */ = {isa = PBXBuildFile; fileRef = A488A2B62A164636008E8FAF /* TicketDetailsViewModel.swift */; };
		A4DEEB0C2A137D0B002D43EC /* AppDelegate.swift in Sources */ = {isa = PBXBuildFile; fileRef = A4DEEB0B2A137D0B002D43EC /* AppDelegate.swift */; };
		A4DEEB0E2A137D0B002D43EC /* SceneDelegate.swift in Sources */ = {isa = PBXBuildFile; fileRef = A4DEEB0D2A137D0B002D43EC /* SceneDelegate.swift */; };
		A4DEEB102A137D0B002D43EC /* TicketsViewController.swift in Sources */ = {isa = PBXBuildFile; fileRef = A4DEEB0F2A137D0B002D43EC /* TicketsViewController.swift */; };
		A4DEEB152A137D0F002D43EC /* Assets.xcassets in Resources */ = {isa = PBXBuildFile; fileRef = A4DEEB142A137D0F002D43EC /* Assets.xcassets */; };
		A4DEEB182A137D0F002D43EC /* LaunchScreen.storyboard in Resources */ = {isa = PBXBuildFile; fileRef = A4DEEB162A137D0F002D43EC /* LaunchScreen.storyboard */; };
		A4DEEB242A137FD6002D43EC /* TicketCell.swift in Sources */ = {isa = PBXBuildFile; fileRef = A4DEEB232A137FD6002D43EC /* TicketCell.swift */; };
		A4DEEB262A13ABAD002D43EC /* TicketsViewModel.swift in Sources */ = {isa = PBXBuildFile; fileRef = A4DEEB252A13ABAD002D43EC /* TicketsViewModel.swift */; };
		A4DEEB292A13ACE0002D43EC /* MainNetworkService.swift in Sources */ = {isa = PBXBuildFile; fileRef = A4DEEB282A13ACE0002D43EC /* MainNetworkService.swift */; };
		A4DEEB2B2A13B348002D43EC /* NetworkRouter.swift in Sources */ = {isa = PBXBuildFile; fileRef = A4DEEB2A2A13B348002D43EC /* NetworkRouter.swift */; };
		A4DEEB2D2A13B44D002D43EC /* NetworkRouterError.swift in Sources */ = {isa = PBXBuildFile; fileRef = A4DEEB2C2A13B44D002D43EC /* NetworkRouterError.swift */; };
		A4DEEB2F2A13D9F7002D43EC /* Mapper.swift in Sources */ = {isa = PBXBuildFile; fileRef = A4DEEB2E2A13D9F7002D43EC /* Mapper.swift */; };
		A4DEEB312A13DAE9002D43EC /* MapperError.swift in Sources */ = {isa = PBXBuildFile; fileRef = A4DEEB302A13DAE9002D43EC /* MapperError.swift */; };
		A4DEEB342A13E12F002D43EC /* FlightsCodable.swift in Sources */ = {isa = PBXBuildFile; fileRef = A4DEEB332A13E12F002D43EC /* FlightsCodable.swift */; };
		A4DEEB362A13EDCA002D43EC /* MainNetworkServiceError.swift in Sources */ = {isa = PBXBuildFile; fileRef = A4DEEB352A13EDCA002D43EC /* MainNetworkServiceError.swift */; };
		A4DEEB392A13F1C6002D43EC /* Ticket.swift in Sources */ = {isa = PBXBuildFile; fileRef = A4DEEB382A13F1C6002D43EC /* Ticket.swift */; };
		A4DEEB3C2A13F651002D43EC /* CreateFlightTicketsService.swift in Sources */ = {isa = PBXBuildFile; fileRef = A4DEEB3B2A13F651002D43EC /* CreateFlightTicketsService.swift */; };
		A4DEEB3F2A13FAD5002D43EC /* AlertNotification.swift in Sources */ = {isa = PBXBuildFile; fileRef = A4DEEB3E2A13FAD5002D43EC /* AlertNotification.swift */; };
		A4DEEB422A14083E002D43EC /* Protocol.swift in Sources */ = {isa = PBXBuildFile; fileRef = A4DEEB412A14083E002D43EC /* Protocol.swift */; };
		A4DEEB442A140D42002D43EC /* MainCooridnator.swift in Sources */ = {isa = PBXBuildFile; fileRef = A4DEEB432A140D42002D43EC /* MainCooridnator.swift */; };
		A4DEEB462A140E4E002D43EC /* TicketsCoordinator.swift in Sources */ = {isa = PBXBuildFile; fileRef = A4DEEB452A140E4E002D43EC /* TicketsCoordinator.swift */; };
		A4DEEB492A140F11002D43EC /* RootViewController.swift in Sources */ = {isa = PBXBuildFile; fileRef = A4DEEB482A140F10002D43EC /* RootViewController.swift */; };
		A4DEEB4D2A1412B4002D43EC /* TicketDetailsViewController.swift in Sources */ = {isa = PBXBuildFile; fileRef = A4DEEB4C2A1412B4002D43EC /* TicketDetailsViewController.swift */; };
/* End PBXBuildFile section */

/* Begin PBXFileReference section */
		A488A2AE2A14F887008E8FAF /* DateManager.swift */ = {isa = PBXFileReference; lastKnownFileType = sourcecode.swift; path = DateManager.swift; sourceTree = "<group>"; };
		A488A2B02A152538008E8FAF /* Старая ячейка.swift */ = {isa = PBXFileReference; lastKnownFileType = sourcecode.swift; path = "Старая ячейка.swift"; sourceTree = "<group>"; };
		A488A2B42A16334D008E8FAF /* TicketCellViewModel.swift */ = {isa = PBXFileReference; lastKnownFileType = sourcecode.swift; path = TicketCellViewModel.swift; sourceTree = "<group>"; };
		A488A2B62A164636008E8FAF /* TicketDetailsViewModel.swift */ = {isa = PBXFileReference; lastKnownFileType = sourcecode.swift; path = TicketDetailsViewModel.swift; sourceTree = "<group>"; };
		A4DEEB082A137D0B002D43EC /* It'sTimeToTravel_TestProject_issidorik.app */ = {isa = PBXFileReference; explicitFileType = wrapper.application; includeInIndex = 0; path = "It'sTimeToTravel_TestProject_issidorik.app"; sourceTree = BUILT_PRODUCTS_DIR; };
		A4DEEB0B2A137D0B002D43EC /* AppDelegate.swift */ = {isa = PBXFileReference; lastKnownFileType = sourcecode.swift; path = AppDelegate.swift; sourceTree = "<group>"; };
		A4DEEB0D2A137D0B002D43EC /* SceneDelegate.swift */ = {isa = PBXFileReference; lastKnownFileType = sourcecode.swift; path = SceneDelegate.swift; sourceTree = "<group>"; };
		A4DEEB0F2A137D0B002D43EC /* TicketsViewController.swift */ = {isa = PBXFileReference; lastKnownFileType = sourcecode.swift; path = TicketsViewController.swift; sourceTree = "<group>"; };
		A4DEEB142A137D0F002D43EC /* Assets.xcassets */ = {isa = PBXFileReference; lastKnownFileType = folder.assetcatalog; path = Assets.xcassets; sourceTree = "<group>"; };
		A4DEEB172A137D0F002D43EC /* Base */ = {isa = PBXFileReference; lastKnownFileType = file.storyboard; name = Base; path = Base.lproj/LaunchScreen.storyboard; sourceTree = "<group>"; };
		A4DEEB192A137D0F002D43EC /* Info.plist */ = {isa = PBXFileReference; lastKnownFileType = text.plist.xml; path = Info.plist; sourceTree = "<group>"; };
		A4DEEB232A137FD6002D43EC /* TicketCell.swift */ = {isa = PBXFileReference; lastKnownFileType = sourcecode.swift; path = TicketCell.swift; sourceTree = "<group>"; };
		A4DEEB252A13ABAD002D43EC /* TicketsViewModel.swift */ = {isa = PBXFileReference; lastKnownFileType = sourcecode.swift; path = TicketsViewModel.swift; sourceTree = "<group>"; };
		A4DEEB282A13ACE0002D43EC /* MainNetworkService.swift */ = {isa = PBXFileReference; lastKnownFileType = sourcecode.swift; path = MainNetworkService.swift; sourceTree = "<group>"; };
		A4DEEB2A2A13B348002D43EC /* NetworkRouter.swift */ = {isa = PBXFileReference; lastKnownFileType = sourcecode.swift; path = NetworkRouter.swift; sourceTree = "<group>"; };
		A4DEEB2C2A13B44D002D43EC /* NetworkRouterError.swift */ = {isa = PBXFileReference; lastKnownFileType = sourcecode.swift; path = NetworkRouterError.swift; sourceTree = "<group>"; };
		A4DEEB2E2A13D9F7002D43EC /* Mapper.swift */ = {isa = PBXFileReference; lastKnownFileType = sourcecode.swift; path = Mapper.swift; sourceTree = "<group>"; };
		A4DEEB302A13DAE9002D43EC /* MapperError.swift */ = {isa = PBXFileReference; lastKnownFileType = sourcecode.swift; path = MapperError.swift; sourceTree = "<group>"; };
		A4DEEB332A13E12F002D43EC /* FlightsCodable.swift */ = {isa = PBXFileReference; lastKnownFileType = sourcecode.swift; path = FlightsCodable.swift; sourceTree = "<group>"; };
		A4DEEB352A13EDCA002D43EC /* MainNetworkServiceError.swift */ = {isa = PBXFileReference; lastKnownFileType = sourcecode.swift; path = MainNetworkServiceError.swift; sourceTree = "<group>"; };
		A4DEEB382A13F1C6002D43EC /* Ticket.swift */ = {isa = PBXFileReference; lastKnownFileType = sourcecode.swift; path = Ticket.swift; sourceTree = "<group>"; };
		A4DEEB3B2A13F651002D43EC /* CreateFlightTicketsService.swift */ = {isa = PBXFileReference; lastKnownFileType = sourcecode.swift; path = CreateFlightTicketsService.swift; sourceTree = "<group>"; };
		A4DEEB3E2A13FAD5002D43EC /* AlertNotification.swift */ = {isa = PBXFileReference; lastKnownFileType = sourcecode.swift; path = AlertNotification.swift; sourceTree = "<group>"; };
		A4DEEB412A14083E002D43EC /* Protocol.swift */ = {isa = PBXFileReference; lastKnownFileType = sourcecode.swift; path = Protocol.swift; sourceTree = "<group>"; };
		A4DEEB432A140D42002D43EC /* MainCooridnator.swift */ = {isa = PBXFileReference; lastKnownFileType = sourcecode.swift; path = MainCooridnator.swift; sourceTree = "<group>"; };
		A4DEEB452A140E4E002D43EC /* TicketsCoordinator.swift */ = {isa = PBXFileReference; lastKnownFileType = sourcecode.swift; path = TicketsCoordinator.swift; sourceTree = "<group>"; };
		A4DEEB482A140F10002D43EC /* RootViewController.swift */ = {isa = PBXFileReference; lastKnownFileType = sourcecode.swift; path = RootViewController.swift; sourceTree = "<group>"; };
		A4DEEB4C2A1412B4002D43EC /* TicketDetailsViewController.swift */ = {isa = PBXFileReference; lastKnownFileType = sourcecode.swift; path = TicketDetailsViewController.swift; sourceTree = "<group>"; };
/* End PBXFileReference section */

/* Begin PBXFrameworksBuildPhase section */
		A4DEEB052A137D0B002D43EC /* Frameworks */ = {
			isa = PBXFrameworksBuildPhase;
			buildActionMask = 2147483647;
			files = (
			);
			runOnlyForDeploymentPostprocessing = 0;
		};
/* End PBXFrameworksBuildPhase section */

/* Begin PBXGroup section */
		A488A2B82A169820008E8FAF /* CoreLayer */ = {
			isa = PBXGroup;
			children = (
				A4DEEB1F2A137E85002D43EC /* Application */,
				A488A2BB2A1698F0008E8FAF /* Network */,
				A4DEEB202A137E93002D43EC /* Resources */,
			);
			path = CoreLayer;
			sourceTree = "<group>";
		};
		A488A2B92A16982C008E8FAF /* BusinessLayer */ = {
			isa = PBXGroup;
			children = (
				A488A2BE2A16997C008E8FAF /* Service */,
				A488A2BC2A169926008E8FAF /* Network */,
				A488A2BD2A169974008E8FAF /* Helper */,
			);
			path = BusinessLayer;
			sourceTree = "<group>";
		};
		A488A2BA2A169868008E8FAF /* PresentationLayer */ = {
			isa = PBXGroup;
			children = (
				A4DEEB402A1407F6002D43EC /* Coordinator */,
				A4DEEB212A137EBE002D43EC /* TicketsFlow */,
				A4DEEB472A140EEF002D43EC /* CustomUIItems */,
				A4DEEB372A13F16B002D43EC /* Models */,
				A488A2BF2A1699B8008E8FAF /* Notification */,
			);
			path = PresentationLayer;
			sourceTree = "<group>";
		};
		A488A2BB2A1698F0008E8FAF /* Network */ = {
			isa = PBXGroup;
			children = (
				A4DEEB2A2A13B348002D43EC /* NetworkRouter.swift */,
				A4DEEB2E2A13D9F7002D43EC /* Mapper.swift */,
				A4DEEB2C2A13B44D002D43EC /* NetworkRouterError.swift */,
				A4DEEB302A13DAE9002D43EC /* MapperError.swift */,
			);
			path = Network;
			sourceTree = "<group>";
		};
		A488A2BC2A169926008E8FAF /* Network */ = {
			isa = PBXGroup;
			children = (
				A4DEEB332A13E12F002D43EC /* FlightsCodable.swift */,
				A4DEEB282A13ACE0002D43EC /* MainNetworkService.swift */,
				A4DEEB352A13EDCA002D43EC /* MainNetworkServiceError.swift */,
			);
			path = Network;
			sourceTree = "<group>";
		};
		A488A2BD2A169974008E8FAF /* Helper */ = {
			isa = PBXGroup;
			children = (
				A488A2AE2A14F887008E8FAF /* DateManager.swift */,
			);
			path = Helper;
			sourceTree = "<group>";
		};
		A488A2BE2A16997C008E8FAF /* Service */ = {
			isa = PBXGroup;
			children = (
				A4DEEB3B2A13F651002D43EC /* CreateFlightTicketsService.swift */,
			);
			path = Service;
			sourceTree = "<group>";
		};
		A488A2BF2A1699B8008E8FAF /* Notification */ = {
			isa = PBXGroup;
			children = (
				A4DEEB3E2A13FAD5002D43EC /* AlertNotification.swift */,
			);
			path = Notification;
			sourceTree = "<group>";
		};
		A4DEEAFF2A137D0B002D43EC = {
			isa = PBXGroup;
			children = (
				A4DEEB0A2A137D0B002D43EC /* It'sTimeToTravel_TestProject_issidorik */,
				A4DEEB092A137D0B002D43EC /* Products */,
			);
			sourceTree = "<group>";
		};
		A4DEEB092A137D0B002D43EC /* Products */ = {
			isa = PBXGroup;
			children = (
				A4DEEB082A137D0B002D43EC /* It'sTimeToTravel_TestProject_issidorik.app */,
			);
			name = Products;
			sourceTree = "<group>";
		};
		A4DEEB0A2A137D0B002D43EC /* It'sTimeToTravel_TestProject_issidorik */ = {
			isa = PBXGroup;
			children = (
				A488A2BA2A169868008E8FAF /* PresentationLayer */,
				A488A2B92A16982C008E8FAF /* BusinessLayer */,
				A488A2B82A169820008E8FAF /* CoreLayer */,
			);
			path = "It'sTimeToTravel_TestProject_issidorik";
			sourceTree = "<group>";
		};
		A4DEEB1F2A137E85002D43EC /* Application */ = {
			isa = PBXGroup;
			children = (
				A4DEEB0B2A137D0B002D43EC /* AppDelegate.swift */,
				A4DEEB0D2A137D0B002D43EC /* SceneDelegate.swift */,
			);
			path = Application;
			sourceTree = "<group>";
		};
		A4DEEB202A137E93002D43EC /* Resources */ = {
			isa = PBXGroup;
			children = (
				A4DEEB142A137D0F002D43EC /* Assets.xcassets */,
				A4DEEB162A137D0F002D43EC /* LaunchScreen.storyboard */,
				A4DEEB192A137D0F002D43EC /* Info.plist */,
				A488A2B02A152538008E8FAF /* Старая ячейка.swift */,
			);
			path = Resources;
			sourceTree = "<group>";
		};
		A4DEEB212A137EBE002D43EC /* TicketsFlow */ = {
			isa = PBXGroup;
			children = (
				A4DEEB4A2A14125B002D43EC /* Tickets */,
				A4DEEB4B2A14126D002D43EC /* TicketDetails */,
			);
			path = TicketsFlow;
			sourceTree = "<group>";
		};
		A4DEEB222A137F6A002D43EC /* CustomCell */ = {
			isa = PBXGroup;
			children = (
				A488A2B42A16334D008E8FAF /* TicketCellViewModel.swift */,
				A4DEEB232A137FD6002D43EC /* TicketCell.swift */,
			);
			path = CustomCell;
			sourceTree = "<group>";
		};
		A4DEEB372A13F16B002D43EC /* Models */ = {
			isa = PBXGroup;
			children = (
				A4DEEB382A13F1C6002D43EC /* Ticket.swift */,
			);
			path = Models;
			sourceTree = "<group>";
		};
		A4DEEB402A1407F6002D43EC /* Coordinator */ = {
			isa = PBXGroup;
			children = (
				A4DEEB412A14083E002D43EC /* Protocol.swift */,
				A4DEEB432A140D42002D43EC /* MainCooridnator.swift */,
				A4DEEB452A140E4E002D43EC /* TicketsCoordinator.swift */,
			);
			path = Coordinator;
			sourceTree = "<group>";
		};
		A4DEEB472A140EEF002D43EC /* CustomUIItems */ = {
			isa = PBXGroup;
			children = (
				A4DEEB482A140F10002D43EC /* RootViewController.swift */,
			);
			path = CustomUIItems;
			sourceTree = "<group>";
		};
		A4DEEB4A2A14125B002D43EC /* Tickets */ = {
			isa = PBXGroup;
			children = (
				A4DEEB252A13ABAD002D43EC /* TicketsViewModel.swift */,
				A4DEEB0F2A137D0B002D43EC /* TicketsViewController.swift */,
				A4DEEB222A137F6A002D43EC /* CustomCell */,
			);
			path = Tickets;
			sourceTree = "<group>";
		};
		A4DEEB4B2A14126D002D43EC /* TicketDetails */ = {
			isa = PBXGroup;
			children = (
				A488A2B62A164636008E8FAF /* TicketDetailsViewModel.swift */,
				A4DEEB4C2A1412B4002D43EC /* TicketDetailsViewController.swift */,
			);
			path = TicketDetails;
			sourceTree = "<group>";
		};
/* End PBXGroup section */

/* Begin PBXNativeTarget section */
		A4DEEB072A137D0B002D43EC /* It'sTimeToTravel_TestProject_issidorik */ = {
			isa = PBXNativeTarget;
			buildConfigurationList = A4DEEB1C2A137D0F002D43EC /* Build configuration list for PBXNativeTarget "It'sTimeToTravel_TestProject_issidorik" */;
			buildPhases = (
				A4DEEB042A137D0B002D43EC /* Sources */,
				A4DEEB052A137D0B002D43EC /* Frameworks */,
				A4DEEB062A137D0B002D43EC /* Resources */,
			);
			buildRules = (
			);
			dependencies = (
			);
			name = "It'sTimeToTravel_TestProject_issidorik";
			productName = "It'sTimeToTravel_TestProject_issidorik";
			productReference = A4DEEB082A137D0B002D43EC /* It'sTimeToTravel_TestProject_issidorik.app */;
			productType = "com.apple.product-type.application";
		};
/* End PBXNativeTarget section */

/* Begin PBXProject section */
		A4DEEB002A137D0B002D43EC /* Project object */ = {
			isa = PBXProject;
			attributes = {
				BuildIndependentTargetsInParallel = 1;
				LastSwiftUpdateCheck = 1340;
				LastUpgradeCheck = 1340;
				TargetAttributes = {
					A4DEEB072A137D0B002D43EC = {
						CreatedOnToolsVersion = 13.4.1;
					};
				};
			};
			buildConfigurationList = A4DEEB032A137D0B002D43EC /* Build configuration list for PBXProject "It'sTimeToTravel_TestProject_issidorik" */;
			compatibilityVersion = "Xcode 13.0";
			developmentRegion = en;
			hasScannedForEncodings = 0;
			knownRegions = (
				en,
				Base,
			);
			mainGroup = A4DEEAFF2A137D0B002D43EC;
			productRefGroup = A4DEEB092A137D0B002D43EC /* Products */;
			projectDirPath = "";
			projectRoot = "";
			targets = (
				A4DEEB072A137D0B002D43EC /* It'sTimeToTravel_TestProject_issidorik */,
			);
		};
/* End PBXProject section */

/* Begin PBXResourcesBuildPhase section */
		A4DEEB062A137D0B002D43EC /* Resources */ = {
			isa = PBXResourcesBuildPhase;
			buildActionMask = 2147483647;
			files = (
				A4DEEB182A137D0F002D43EC /* LaunchScreen.storyboard in Resources */,
				A4DEEB152A137D0F002D43EC /* Assets.xcassets in Resources */,
			);
			runOnlyForDeploymentPostprocessing = 0;
		};
/* End PBXResourcesBuildPhase section */

/* Begin PBXSourcesBuildPhase section */
		A4DEEB042A137D0B002D43EC /* Sources */ = {
			isa = PBXSourcesBuildPhase;
			buildActionMask = 2147483647;
			files = (
				A4DEEB442A140D42002D43EC /* MainCooridnator.swift in Sources */,
				A4DEEB392A13F1C6002D43EC /* Ticket.swift in Sources */,
				A4DEEB492A140F11002D43EC /* RootViewController.swift in Sources */,
				A4DEEB102A137D0B002D43EC /* TicketsViewController.swift in Sources */,
				A4DEEB312A13DAE9002D43EC /* MapperError.swift in Sources */,
				A4DEEB362A13EDCA002D43EC /* MainNetworkServiceError.swift in Sources */,
				A4DEEB2D2A13B44D002D43EC /* NetworkRouterError.swift in Sources */,
				A488A2AF2A14F887008E8FAF /* DateManager.swift in Sources */,
				A4DEEB3F2A13FAD5002D43EC /* AlertNotification.swift in Sources */,
				A4DEEB0C2A137D0B002D43EC /* AppDelegate.swift in Sources */,
				A4DEEB342A13E12F002D43EC /* FlightsCodable.swift in Sources */,
				A4DEEB0E2A137D0B002D43EC /* SceneDelegate.swift in Sources */,
				A488A2B12A152538008E8FAF /* Старая ячейка.swift in Sources */,
				A4DEEB2F2A13D9F7002D43EC /* Mapper.swift in Sources */,
				A4DEEB4D2A1412B4002D43EC /* TicketDetailsViewController.swift in Sources */,
				A4DEEB262A13ABAD002D43EC /* TicketsViewModel.swift in Sources */,
				A4DEEB422A14083E002D43EC /* Protocol.swift in Sources */,
				A4DEEB3C2A13F651002D43EC /* CreateFlightTicketsService.swift in Sources */,
				A488A2B52A16334D008E8FAF /* TicketCellViewModel.swift in Sources */,
				A4DEEB462A140E4E002D43EC /* TicketsCoordinator.swift in Sources */,
				A4DEEB242A137FD6002D43EC /* TicketCell.swift in Sources */,
				A488A2B72A164636008E8FAF /* TicketDetailsViewModel.swift in Sources */,
				A4DEEB292A13ACE0002D43EC /* MainNetworkService.swift in Sources */,
				A4DEEB2B2A13B348002D43EC /* NetworkRouter.swift in Sources */,
			);
			runOnlyForDeploymentPostprocessing = 0;
		};
/* End PBXSourcesBuildPhase section */

/* Begin PBXVariantGroup section */
		A4DEEB162A137D0F002D43EC /* LaunchScreen.storyboard */ = {
			isa = PBXVariantGroup;
			children = (
				A4DEEB172A137D0F002D43EC /* Base */,
			);
			name = LaunchScreen.storyboard;
			sourceTree = "<group>";
		};
/* End PBXVariantGroup section */

/* Begin XCBuildConfiguration section */
		A4DEEB1A2A137D0F002D43EC /* Debug */ = {
			isa = XCBuildConfiguration;
			buildSettings = {
				ALWAYS_SEARCH_USER_PATHS = NO;
				CLANG_ANALYZER_NONNULL = YES;
				CLANG_ANALYZER_NUMBER_OBJECT_CONVERSION = YES_AGGRESSIVE;
				CLANG_CXX_LANGUAGE_STANDARD = "gnu++17";
				CLANG_ENABLE_MODULES = YES;
				CLANG_ENABLE_OBJC_ARC = YES;
				CLANG_ENABLE_OBJC_WEAK = YES;
				CLANG_WARN_BLOCK_CAPTURE_AUTORELEASING = YES;
				CLANG_WARN_BOOL_CONVERSION = YES;
				CLANG_WARN_COMMA = YES;
				CLANG_WARN_CONSTANT_CONVERSION = YES;
				CLANG_WARN_DEPRECATED_OBJC_IMPLEMENTATIONS = YES;
				CLANG_WARN_DIRECT_OBJC_ISA_USAGE = YES_ERROR;
				CLANG_WARN_DOCUMENTATION_COMMENTS = YES;
				CLANG_WARN_EMPTY_BODY = YES;
				CLANG_WARN_ENUM_CONVERSION = YES;
				CLANG_WARN_INFINITE_RECURSION = YES;
				CLANG_WARN_INT_CONVERSION = YES;
				CLANG_WARN_NON_LITERAL_NULL_CONVERSION = YES;
				CLANG_WARN_OBJC_IMPLICIT_RETAIN_SELF = YES;
				CLANG_WARN_OBJC_LITERAL_CONVERSION = YES;
				CLANG_WARN_OBJC_ROOT_CLASS = YES_ERROR;
				CLANG_WARN_QUOTED_INCLUDE_IN_FRAMEWORK_HEADER = YES;
				CLANG_WARN_RANGE_LOOP_ANALYSIS = YES;
				CLANG_WARN_STRICT_PROTOTYPES = YES;
				CLANG_WARN_SUSPICIOUS_MOVE = YES;
				CLANG_WARN_UNGUARDED_AVAILABILITY = YES_AGGRESSIVE;
				CLANG_WARN_UNREACHABLE_CODE = YES;
				CLANG_WARN__DUPLICATE_METHOD_MATCH = YES;
				COPY_PHASE_STRIP = NO;
				DEBUG_INFORMATION_FORMAT = dwarf;
				ENABLE_STRICT_OBJC_MSGSEND = YES;
				ENABLE_TESTABILITY = YES;
				GCC_C_LANGUAGE_STANDARD = gnu11;
				GCC_DYNAMIC_NO_PIC = NO;
				GCC_NO_COMMON_BLOCKS = YES;
				GCC_OPTIMIZATION_LEVEL = 0;
				GCC_PREPROCESSOR_DEFINITIONS = (
					"DEBUG=1",
					"$(inherited)",
				);
				GCC_WARN_64_TO_32_BIT_CONVERSION = YES;
				GCC_WARN_ABOUT_RETURN_TYPE = YES_ERROR;
				GCC_WARN_UNDECLARED_SELECTOR = YES;
				GCC_WARN_UNINITIALIZED_AUTOS = YES_AGGRESSIVE;
				GCC_WARN_UNUSED_FUNCTION = YES;
				GCC_WARN_UNUSED_VARIABLE = YES;
				IPHONEOS_DEPLOYMENT_TARGET = 15.5;
				MTL_ENABLE_DEBUG_INFO = INCLUDE_SOURCE;
				MTL_FAST_MATH = YES;
				ONLY_ACTIVE_ARCH = YES;
				SDKROOT = iphoneos;
				SWIFT_ACTIVE_COMPILATION_CONDITIONS = DEBUG;
				SWIFT_OPTIMIZATION_LEVEL = "-Onone";
			};
			name = Debug;
		};
		A4DEEB1B2A137D0F002D43EC /* Release */ = {
			isa = XCBuildConfiguration;
			buildSettings = {
				ALWAYS_SEARCH_USER_PATHS = NO;
				CLANG_ANALYZER_NONNULL = YES;
				CLANG_ANALYZER_NUMBER_OBJECT_CONVERSION = YES_AGGRESSIVE;
				CLANG_CXX_LANGUAGE_STANDARD = "gnu++17";
				CLANG_ENABLE_MODULES = YES;
				CLANG_ENABLE_OBJC_ARC = YES;
				CLANG_ENABLE_OBJC_WEAK = YES;
				CLANG_WARN_BLOCK_CAPTURE_AUTORELEASING = YES;
				CLANG_WARN_BOOL_CONVERSION = YES;
				CLANG_WARN_COMMA = YES;
				CLANG_WARN_CONSTANT_CONVERSION = YES;
				CLANG_WARN_DEPRECATED_OBJC_IMPLEMENTATIONS = YES;
				CLANG_WARN_DIRECT_OBJC_ISA_USAGE = YES_ERROR;
				CLANG_WARN_DOCUMENTATION_COMMENTS = YES;
				CLANG_WARN_EMPTY_BODY = YES;
				CLANG_WARN_ENUM_CONVERSION = YES;
				CLANG_WARN_INFINITE_RECURSION = YES;
				CLANG_WARN_INT_CONVERSION = YES;
				CLANG_WARN_NON_LITERAL_NULL_CONVERSION = YES;
				CLANG_WARN_OBJC_IMPLICIT_RETAIN_SELF = YES;
				CLANG_WARN_OBJC_LITERAL_CONVERSION = YES;
				CLANG_WARN_OBJC_ROOT_CLASS = YES_ERROR;
				CLANG_WARN_QUOTED_INCLUDE_IN_FRAMEWORK_HEADER = YES;
				CLANG_WARN_RANGE_LOOP_ANALYSIS = YES;
				CLANG_WARN_STRICT_PROTOTYPES = YES;
				CLANG_WARN_SUSPICIOUS_MOVE = YES;
				CLANG_WARN_UNGUARDED_AVAILABILITY = YES_AGGRESSIVE;
				CLANG_WARN_UNREACHABLE_CODE = YES;
				CLANG_WARN__DUPLICATE_METHOD_MATCH = YES;
				COPY_PHASE_STRIP = NO;
				DEBUG_INFORMATION_FORMAT = "dwarf-with-dsym";
				ENABLE_NS_ASSERTIONS = NO;
				ENABLE_STRICT_OBJC_MSGSEND = YES;
				GCC_C_LANGUAGE_STANDARD = gnu11;
				GCC_NO_COMMON_BLOCKS = YES;
				GCC_WARN_64_TO_32_BIT_CONVERSION = YES;
				GCC_WARN_ABOUT_RETURN_TYPE = YES_ERROR;
				GCC_WARN_UNDECLARED_SELECTOR = YES;
				GCC_WARN_UNINITIALIZED_AUTOS = YES_AGGRESSIVE;
				GCC_WARN_UNUSED_FUNCTION = YES;
				GCC_WARN_UNUSED_VARIABLE = YES;
				IPHONEOS_DEPLOYMENT_TARGET = 15.5;
				MTL_ENABLE_DEBUG_INFO = NO;
				MTL_FAST_MATH = YES;
				SDKROOT = iphoneos;
				SWIFT_COMPILATION_MODE = wholemodule;
				SWIFT_OPTIMIZATION_LEVEL = "-O";
				VALIDATE_PRODUCT = YES;
			};
			name = Release;
		};
		A4DEEB1D2A137D0F002D43EC /* Debug */ = {
			isa = XCBuildConfiguration;
			buildSettings = {
				ASSETCATALOG_COMPILER_APPICON_NAME = AppIcon;
				ASSETCATALOG_COMPILER_GLOBAL_ACCENT_COLOR_NAME = AccentColor;
				CODE_SIGN_STYLE = Automatic;
				CURRENT_PROJECT_VERSION = 1;
				GENERATE_INFOPLIST_FILE = YES;
				INFOPLIST_FILE = "It'sTimeToTravel_TestProject_issidorik/CoreLayer/Resources/Info.plist";
				INFOPLIST_KEY_UIApplicationSupportsIndirectInputEvents = YES;
				INFOPLIST_KEY_UILaunchStoryboardName = LaunchScreen;
				INFOPLIST_KEY_UISupportedInterfaceOrientations_iPad = "UIInterfaceOrientationPortrait UIInterfaceOrientationPortraitUpsideDown UIInterfaceOrientationLandscapeLeft UIInterfaceOrientationLandscapeRight";
				INFOPLIST_KEY_UISupportedInterfaceOrientations_iPhone = "UIInterfaceOrientationPortrait UIInterfaceOrientationLandscapeLeft UIInterfaceOrientationLandscapeRight";
				LD_RUNPATH_SEARCH_PATHS = (
					"$(inherited)",
					"@executable_path/Frameworks",
				);
				MARKETING_VERSION = 1.0;
				PRODUCT_BUNDLE_IDENTIFIER = "is.leason.It-sTimeToTravel-TestProject-issidorik";
				PRODUCT_NAME = "$(TARGET_NAME)";
				SWIFT_EMIT_LOC_STRINGS = YES;
				SWIFT_VERSION = 5.0;
				TARGETED_DEVICE_FAMILY = "1,2";
			};
			name = Debug;
		};
		A4DEEB1E2A137D0F002D43EC /* Release */ = {
			isa = XCBuildConfiguration;
			buildSettings = {
				ASSETCATALOG_COMPILER_APPICON_NAME = AppIcon;
				ASSETCATALOG_COMPILER_GLOBAL_ACCENT_COLOR_NAME = AccentColor;
				CODE_SIGN_STYLE = Automatic;
				CURRENT_PROJECT_VERSION = 1;
				GENERATE_INFOPLIST_FILE = YES;
				INFOPLIST_FILE = "It'sTimeToTravel_TestProject_issidorik/CoreLayer/Resources/Info.plist";
				INFOPLIST_KEY_UIApplicationSupportsIndirectInputEvents = YES;
				INFOPLIST_KEY_UILaunchStoryboardName = LaunchScreen;
				INFOPLIST_KEY_UISupportedInterfaceOrientations_iPad = "UIInterfaceOrientationPortrait UIInterfaceOrientationPortraitUpsideDown UIInterfaceOrientationLandscapeLeft UIInterfaceOrientationLandscapeRight";
				INFOPLIST_KEY_UISupportedInterfaceOrientations_iPhone = "UIInterfaceOrientationPortrait UIInterfaceOrientationLandscapeLeft UIInterfaceOrientationLandscapeRight";
				LD_RUNPATH_SEARCH_PATHS = (
					"$(inherited)",
					"@executable_path/Frameworks",
				);
				MARKETING_VERSION = 1.0;
				PRODUCT_BUNDLE_IDENTIFIER = "is.leason.It-sTimeToTravel-TestProject-issidorik";
				PRODUCT_NAME = "$(TARGET_NAME)";
				SWIFT_EMIT_LOC_STRINGS = YES;
				SWIFT_VERSION = 5.0;
				TARGETED_DEVICE_FAMILY = "1,2";
			};
			name = Release;
		};
/* End XCBuildConfiguration section */

/* Begin XCConfigurationList section */
		A4DEEB032A137D0B002D43EC /* Build configuration list for PBXProject "It'sTimeToTravel_TestProject_issidorik" */ = {
			isa = XCConfigurationList;
			buildConfigurations = (
				A4DEEB1A2A137D0F002D43EC /* Debug */,
				A4DEEB1B2A137D0F002D43EC /* Release */,
			);
			defaultConfigurationIsVisible = 0;
			defaultConfigurationName = Release;
		};
		A4DEEB1C2A137D0F002D43EC /* Build configuration list for PBXNativeTarget "It'sTimeToTravel_TestProject_issidorik" */ = {
			isa = XCConfigurationList;
			buildConfigurations = (
				A4DEEB1D2A137D0F002D43EC /* Debug */,
				A4DEEB1E2A137D0F002D43EC /* Release */,
			);
			defaultConfigurationIsVisible = 0;
			defaultConfigurationName = Release;
		};
/* End XCConfigurationList section */
	};
	rootObject = A4DEEB002A137D0B002D43EC /* Project object */;
}
